<?xml version="1.0" encoding="utf-8"?>
<Project ToolsVersion="4.0" xmlns="http://schemas.microsoft.com/developer/msbuild/2003">
  <ItemGroup>
    <ClCompile Include="AssemblyInfo.cpp" />
    <Filter Include="Controller">
      <UniqueIdentifier>{15e7034d-f468-41ad-95e5-963e6fa92fb9}</UniqueIdentifier>
    </Filter>
    <ClCompile Include="Controller.cpp">
      <Filter>Controller</Filter>
    </ClCompile>
    <ClInclude Include="Controller.h">
      <Filter>Controller</Filter>
    </ClInclude>
    <Filter Include="DotStar">
      <UniqueIdentifier>{309bbd91-293e-42ae-b572-4ed6ab83eaa4}</UniqueIdentifier>
    </Filter>
    <ClCompile Include="DotStar.cpp">
      <Filter>DotStar</Filter>
    </ClCompile>
    <ClInclude Include="DotStar.h">
      <Filter>DotStar</Filter>
    </ClInclude>
    <ClInclude Include="IDotStar.h">
      <Filter>DotStar</Filter>
    </ClInclude>
    <ClInclude Include="IRemote.h">
      <Filter>Remote</Filter>
    </ClInclude>
    <Filter Include="Remote">
      <UniqueIdentifier>{8e3b4709-aba4-48ea-a62c-36f12aa78766}</UniqueIdentifier>
    </Filter>
    <ClCompile Include="Remote.cpp">
      <Filter>Remote</Filter>
    </ClCompile>
    <ClInclude Include="Remote.h">
      <Filter>Remote</Filter>
    </ClInclude>
    <ClInclude Include="RemoteCode.h">
      <Filter>Remote</Filter>
    </ClInclude>
  </ItemGroup>
</Project>