<?xml version="1.0" encoding="utf-8"?>
<Project ToolsVersion="4.0" xmlns="http://schemas.microsoft.com/developer/msbuild/2003">
  <ItemGroup>
    <Filter Include="Audio">
      <UniqueIdentifier>{3b8499bb-9c20-4611-8dd2-392770b26644}</UniqueIdentifier>
    </Filter>
    <Filter Include="Banner">
      <UniqueIdentifier>{6839f4d7-bb71-4af0-8911-893673dd6050}</UniqueIdentifier>
    </Filter>
    <ClCompile Include="Banner.cpp">
      <Filter>Banner</Filter>
    </ClCompile>
    <ClInclude Include="Banner.h">
      <Filter>Banner</Filter>
    </ClInclude>
    <Filter Include="BufferFile">
      <UniqueIdentifier>{20329278-b34b-4d52-b841-319784ccf23a}</UniqueIdentifier>
    </Filter>
    <ClCompile Include="BufferFile.cpp">
      <Filter>BufferFile</Filter>
    </ClCompile>
    <ClInclude Include="BufferFile.h">
      <Filter>BufferFile</Filter>
    </ClInclude>
    <Filter Include="Controller">
      <UniqueIdentifier>{a030b45a-2f9f-4b33-bf17-fa1f83d5aeff}</UniqueIdentifier>
    </Filter>
    <ClCompile Include="Controller.cpp">
      <Filter>Controller</Filter>
    </ClCompile>
    <ClInclude Include="Controller.h">
      <Filter>Controller</Filter>
    </ClInclude>
    <Filter Include="DotStar">
      <UniqueIdentifier>{309bbd91-293e-42ae-b572-4ed6ab83eaa4}</UniqueIdentifier>
    </Filter>
    <Filter Include="Driver">
      <UniqueIdentifier>{cd26dc45-8ac2-41ac-a183-579b3fefa7f6}</UniqueIdentifier>
    </Filter>
    <ClCompile Include="Driver.cpp">
      <Filter>Driver</Filter>
    </ClCompile>
    <ClInclude Include="Driver.h">
      <Filter>Driver</Filter>
    </ClInclude>
    <Filter Include="Helpers">
      <UniqueIdentifier>{a6809c57-e542-47cb-b7dc-3a824d84e18f}</UniqueIdentifier>
    </Filter>
    <ClCompile Include="Helpers.cpp">
      <Filter>Helpers</Filter>
    </ClCompile>
    <ClInclude Include="Helpers.h">
      <Filter>Helpers</Filter>
    </ClInclude>
    <ClInclude Include="IAudio.h">
      <Filter>Audio</Filter>
    </ClInclude>
    <ClInclude Include="IDotStar.h">
      <Filter>DotStar</Filter>
    </ClInclude>
    <ClCompile Include="Light.cpp">
      <Filter>SongData\Light</Filter>
    </ClCompile>
    <ClInclude Include="Light.h">
      <Filter>SongData\Light</Filter>
    </ClInclude>
    <ClCompile Include="LightColor.cpp">
      <Filter>SongData\LightColor</Filter>
    </ClCompile>
    <ClInclude Include="LightColor.h">
      <Filter>SongData\LightColor</Filter>
    </ClInclude>
    <ClCompile Include="LightItem.cpp">
      <Filter>SongData\LightItem</Filter>
    </ClCompile>
    <ClInclude Include="LightItem.h">
      <Filter>SongData\LightItem</Filter>
    </ClInclude>
    <Filter Include="Lights">
      <UniqueIdentifier>{fe9abc41-3bc8-4233-8573-1b4a7b4b35e1}</UniqueIdentifier>
    </Filter>
    <ClCompile Include="Lights.cpp">
      <Filter>Lights</Filter>
    </ClCompile>
    <ClInclude Include="Lights.h">
      <Filter>Lights</Filter>
    </ClInclude>
    <ClCompile Include="PaletteSequence.cpp">
      <Filter>SongData\PaletteSequence</Filter>
    </ClCompile>
    <ClInclude Include="PaletteSequence.h">
      <Filter>SongData\PaletteSequence</Filter>
    </ClInclude>
    <ClCompile Include="PaletteSequences.cpp">
      <Filter>SongData\PaletteSequences</Filter>
    </ClCompile>
    <ClInclude Include="PaletteSequences.h">
      <Filter>SongData\PaletteSequences</Filter>
    </ClInclude>
    <Filter Include="Remote">
      <UniqueIdentifier>{8e3b4709-aba4-48ea-a62c-36f12aa78766}</UniqueIdentifier>
    </Filter>
    <ClInclude Include="RemoteCode.h">
      <Filter>Remote</Filter>
    </ClInclude>
    <ClCompile Include="Segment.cpp">
      <Filter>SongData\Segment</Filter>
    </ClCompile>
    <ClInclude Include="Segment.h">
      <Filter>SongData\Segment</Filter>
    </ClInclude>
    <ClCompile Include="SegmentItem.cpp">
      <Filter>SongData\SegmentItem</Filter>
    </ClCompile>
    <ClInclude Include="SegmentItem.h">
      <Filter>SongData\SegmentItem</Filter>
    </ClInclude>
    <ClCompile Include="SegmentItems.cpp">
      <Filter>SongData\SegmentItems</Filter>
    </ClCompile>
    <ClInclude Include="SegmentItems.h">
      <Filter>SongData\SegmentItems</Filter>
    </ClInclude>
    <ClCompile Include="Song.cpp">
      <Filter>SongData\Song</Filter>
    </ClCompile>
    <ClInclude Include="Song.h">
      <Filter>SongData\Song</Filter>
    </ClInclude>
    <Filter Include="SongData">
      <UniqueIdentifier>{258019c5-2635-4fde-b0fe-336ce7354197}</UniqueIdentifier>
    </Filter>
    <Filter Include="SongData\Light">
      <UniqueIdentifier>{51fd2a9e-4884-4775-bc60-42347ee26a31}</UniqueIdentifier>
    </Filter>
    <Filter Include="SongData\LightColor">
      <UniqueIdentifier>{ae0cc9ad-e2a4-459c-8d13-46976bd249c9}</UniqueIdentifier>
    </Filter>
    <Filter Include="SongData\LightItem">
      <UniqueIdentifier>{2f40033e-627b-4969-aecd-a40a0f36eac5}</UniqueIdentifier>
    </Filter>
    <Filter Include="SongData\PaletteSequence">
      <UniqueIdentifier>{a857b17b-034f-4b1a-985b-27556bf09e52}</UniqueIdentifier>
    </Filter>
    <Filter Include="SongData\PaletteSequences">
      <UniqueIdentifier>{53444368-815e-40b2-89cf-805047be066f}</UniqueIdentifier>
    </Filter>
    <Filter Include="SongData\Segment">
      <UniqueIdentifier>{279533bf-b317-4fb4-be18-023b22594420}</UniqueIdentifier>
    </Filter>
    <Filter Include="SongData\SegmentItem">
      <UniqueIdentifier>{38dfb7e3-68cb-4bef-b159-5701527307dd}</UniqueIdentifier>
    </Filter>
    <Filter Include="SongData\SegmentItems">
      <UniqueIdentifier>{41365429-2a79-4bf4-b2cd-d85eb0b8a01c}</UniqueIdentifier>
    </Filter>
    <Filter Include="SongData\Song">
      <UniqueIdentifier>{83c625c4-f8aa-4a52-9e16-71b66dd3cad2}</UniqueIdentifier>
    </Filter>
    <Filter Include="Songs">
      <UniqueIdentifier>{8ac8a69f-48f9-4b22-8843-604cecaeb049}</UniqueIdentifier>
    </Filter>
    <ClCompile Include="Songs.cpp">
      <Filter>Songs</Filter>
    </ClCompile>
    <ClInclude Include="Songs.h">
      <Filter>Songs</Filter>
    </ClInclude>
    <Filter Include="Timer">
      <UniqueIdentifier>{b4f5f752-a17d-48b1-be1b-4b1ec4a34087}</UniqueIdentifier>
    </Filter>
    <ClCompile Include="Timer.cpp">
      <Filter>Timer</Filter>
    </ClCompile>
    <ClInclude Include="Timer.h">
      <Filter>Timer</Filter>
    </ClInclude>
  </ItemGroup>
</Project>