<?xml version="1.0" encoding="utf-8"?>
<Project ToolsVersion="4.0" xmlns="http://schemas.microsoft.com/developer/msbuild/2003">
  <ItemGroup>
    <Filter Include="Banner">
      <UniqueIdentifier>{6839f4d7-bb71-4af0-8911-893673dd6050}</UniqueIdentifier>
    </Filter>
    <ClCompile Include="Banner.cpp">
      <Filter>Banner</Filter>
    </ClCompile>
    <ClInclude Include="Banner.h">
      <Filter>Banner</Filter>
    </ClInclude>
    <Filter Include="BufferFile">
      <UniqueIdentifier>{20329278-b34b-4d52-b841-319784ccf23a}</UniqueIdentifier>
    </Filter>
    <ClCompile Include="BufferFile.cpp">
      <Filter>BufferFile</Filter>
    </ClCompile>
    <ClInclude Include="BufferFile.h">
      <Filter>BufferFile</Filter>
    </ClInclude>
    <Filter Include="DotStar">
      <UniqueIdentifier>{309bbd91-293e-42ae-b572-4ed6ab83eaa4}</UniqueIdentifier>
    </Filter>
    <Filter Include="Driver">
      <UniqueIdentifier>{a030b45a-2f9f-4b33-bf17-fa1f83d5aeff}</UniqueIdentifier>
    </Filter>
    <ClCompile Include="Driver.cpp">
      <Filter>Driver</Filter>
    </ClCompile>
    <ClInclude Include="Driver.h">
      <Filter>Driver</Filter>
    </ClInclude>
    <Filter Include="Helpers">
      <UniqueIdentifier>{a6809c57-e542-47cb-b7dc-3a824d84e18f}</UniqueIdentifier>
    </Filter>
    <ClCompile Include="Helpers.cpp">
      <Filter>Helpers</Filter>
    </ClCompile>
    <ClInclude Include="Helpers.h">
      <Filter>Helpers</Filter>
    </ClInclude>
    <ClInclude Include="IDotStar.h">
      <Filter>DotStar</Filter>
    </ClInclude>
    <ClInclude Include="IRemote.h">
      <Filter>Remote</Filter>
    </ClInclude>
    <Filter Include="Lights">
      <UniqueIdentifier>{fe9abc41-3bc8-4233-8573-1b4a7b4b35e1}</UniqueIdentifier>
    </Filter>
    <ClCompile Include="Lights.cpp">
      <Filter>Lights</Filter>
    </ClCompile>
    <ClInclude Include="Lights.h">
      <Filter>Lights</Filter>
    </ClInclude>
    <Filter Include="LightsQueue">
      <UniqueIdentifier>{72cef26f-b740-4dc0-a325-a95148f4d72c}</UniqueIdentifier>
    </Filter>
    <ClCompile Include="LightsQueue.cpp">
      <Filter>LightsQueue</Filter>
    </ClCompile>
    <ClInclude Include="LightsQueue.h">
      <Filter>LightsQueue</Filter>
    </ClInclude>
    <Filter Include="Pattern">
      <UniqueIdentifier>{83c625c4-f8aa-4a52-9e16-71b66dd3cad2}</UniqueIdentifier>
    </Filter>
    <ClCompile Include="Pattern.cpp">
      <Filter>Pattern</Filter>
    </ClCompile>
    <ClInclude Include="Pattern.h">
      <Filter>Pattern</Filter>
    </ClInclude>
    <Filter Include="Remote">
      <UniqueIdentifier>{8e3b4709-aba4-48ea-a62c-36f12aa78766}</UniqueIdentifier>
    </Filter>
    <ClInclude Include="RemoteCode.h">
      <Filter>Remote</Filter>
    </ClInclude>
    <Filter Include="Semaphore">
      <UniqueIdentifier>{d421afca-cbe6-4cac-857e-feb99432edc8}</UniqueIdentifier>
    </Filter>
    <ClCompile Include="Semaphore.cpp">
      <Filter>Semaphore</Filter>
    </ClCompile>
    <ClInclude Include="Semaphore.h">
      <Filter>Semaphore</Filter>
    </ClInclude>
    <Filter Include="stdafx">
      <UniqueIdentifier>{4d4404f5-0a1c-45df-a2cb-108ba2598cee}</UniqueIdentifier>
    </Filter>
    <ClCompile Include="stdafx.cpp">
      <Filter>stdafx</Filter>
    </ClCompile>
    <ClInclude Include="stdafx.h">
      <Filter>stdafx</Filter>
    </ClInclude>
  </ItemGroup>
</Project>